{
  "lockfile_version": "1",
  "packages": {
    "php82Packages.composer@latest": {
      "last_modified": "2024-07-07T16:08:25Z",
      "resolved": "github:NixOS/nixpkgs/ab82a9612aa45284d4adf69ee81871a389669a9e#php82Packages.composer",
      "source": "devbox-search",
      "version": "2.7.7",
      "systems": {
        "aarch64-darwin": {
          "store_path": "/nix/store/60i47wqd6k1icmw14ll154xi8rp4kc6x-composer-2.7.7"
        },
        "aarch64-linux": {
          "store_path": "/nix/store/a7830ssfqanwv1hz9r8xhsbbxdsmx14j-composer-2.7.7"
        },
        "x86_64-darwin": {
          "store_path": "/nix/store/cjwm9lflr52ljrripwm7bz8q1fxf19ij-composer-2.7.7"
        },
        "x86_64-linux": {
          "store_path": "/nix/store/pnggsbdadd7n90pms03b01j2802j8dxp-composer-2.7.7"
        }
      }
    },
    "php@8.2": {
      "last_modified": "2024-07-07T16:08:25Z",
      "plugin_version": "0.0.3",
      "resolved": "github:NixOS/nixpkgs/ab82a9612aa45284d4adf69ee81871a389669a9e#php",
      "source": "devbox-search",
      "version": "8.2.20",
      "systems": {
        "aarch64-darwin": {
          "store_path": "/nix/store/h2rw3hjp0ad863vzyk4jrc1zihab0q50-php-with-extensions-8.2.20"
        },
        "aarch64-linux": {
          "store_path": "/nix/store/ld4gi0bac2ki5d1nwbgpbkqjwl3kiz2n-php-with-extensions-8.2.20"
        },
        "x86_64-darwin": {
          "store_path": "/nix/store/25ijby01xdwy6x6j3grqfmypbgm72a0c-php-with-extensions-8.2.20"
        },
        "x86_64-linux": {
          "store_path": "/nix/store/sgrrl6dmgdjss5cmrrdgq2a76qwg6ngq-php-with-extensions-8.2.20"
        }
      }
    }
  }
}
